
Microsoft Visual Studio Solution File, Format Version 12.00
# Visual Studio Version 17
VisualStudioVersion = 17.10.35027.167
MinimumVisualStudioVersion = 10.0.40219.1
Project("{FAE04EC0-301F-11D3-BF4B-00C04F79EFBC}") = "NetahsilatDIA.WinService", "NetahsilatDIA\NetahsilatDIA.WinService.csproj", "{8A22281F-A767-415F-A3D7-E4287FCD45E8}"
EndProject
Project("{FAE04EC0-301F-11D3-BF4B-00C04F79EFBC}") = "NetahsilatWebServiceLib", "NetahsilatWebServiceLib\NetahsilatWebServiceLib.csproj", "{7D8ABCC6-207D-4286-BE58-0EADE369E7D4}"
EndProject
Project("{FAE04EC0-301F-11D3-BF4B-00C04F79EFBC}") = "Netahsilat.DIAService", "Netahsilat.DIAService\Netahsilat.DIAService.csproj", "{88AB912B-5398-416B-9590-766678C6E382}"
EndProject
Project("{FAE04EC0-301F-11D3-BF4B-00C04F79EFBC}") = "CommonLib", "CommonLib\CommonLib.csproj", "{496ADD5C-2D26-4326-A85C-3C52EE6B3419}"
EndProject
Project("{FAE04EC0-301F-11D3-BF4B-00C04F79EFBC}") = "NetahsilatDIA.UI", "NetahsilatDIA.UI\NetahsilatDIA.UI.csproj", "{88BE0BA5-76E7-4377-88FA-DB488747A4A2}"
EndProject
Global
	GlobalSection(SolutionConfigurationPlatforms) = preSolution
		Debug|Any CPU = Debug|Any CPU
		Release|Any CPU = Release|Any CPU
	EndGlobalSection
	GlobalSection(ProjectConfigurationPlatforms) = postSolution
		{8A22281F-A767-415F-A3D7-E4287FCD45E8}.Debug|Any CPU.ActiveCfg = Debug|Any CPU
		{8A22281F-A767-415F-A3D7-E4287FCD45E8}.Debug|Any CPU.Build.0 = Debug|Any CPU
		{8A22281F-A767-415F-A3D7-E4287FCD45E8}.Release|Any CPU.ActiveCfg = Release|Any CPU
		{8A22281F-A767-415F-A3D7-E4287FCD45E8}.Release|Any CPU.Build.0 = Release|Any CPU
		{7D8ABCC6-207D-4286-BE58-0EADE369E7D4}.Debug|Any CPU.ActiveCfg = Debug|Any CPU
		{7D8ABCC6-207D-4286-BE58-0EADE369E7D4}.Debug|Any CPU.Build.0 = Debug|Any CPU
		{7D8ABCC6-207D-4286-BE58-0EADE369E7D4}.Release|Any CPU.ActiveCfg = Release|Any CPU
		{7D8ABCC6-207D-4286-BE58-0EADE369E7D4}.Release|Any CPU.Build.0 = Release|Any CPU
		{88AB912B-5398-416B-9590-766678C6E382}.Debug|Any CPU.ActiveCfg = Debug|Any CPU
		{88AB912B-5398-416B-9590-766678C6E382}.Debug|Any CPU.Build.0 = Debug|Any CPU
		{88AB912B-5398-416B-9590-766678C6E382}.Release|Any CPU.ActiveCfg = Release|Any CPU
		{88AB912B-5398-416B-9590-766678C6E382}.Release|Any CPU.Build.0 = Release|Any CPU
		{496ADD5C-2D26-4326-A85C-3C52EE6B3419}.Debug|Any CPU.ActiveCfg = Debug|Any CPU
		{496ADD5C-2D26-4326-A85C-3C52EE6B3419}.Debug|Any CPU.Build.0 = Debug|Any CPU
		{496ADD5C-2D26-4326-A85C-3C52EE6B3419}.Release|Any CPU.ActiveCfg = Release|Any CPU
		{496ADD5C-2D26-4326-A85C-3C52EE6B3419}.Release|Any CPU.Build.0 = Release|Any CPU
		{88BE0BA5-76E7-4377-88FA-DB488747A4A2}.Debug|Any CPU.ActiveCfg = Debug|Any CPU
		{88BE0BA5-76E7-4377-88FA-DB488747A4A2}.Debug|Any CPU.Build.0 = Debug|Any CPU
		{88BE0BA5-76E7-4377-88FA-DB488747A4A2}.Release|Any CPU.ActiveCfg = Release|Any CPU
		{88BE0BA5-76E7-4377-88FA-DB488747A4A2}.Release|Any CPU.Build.0 = Release|Any CPU
	EndGlobalSection
	GlobalSection(SolutionProperties) = preSolution
		HideSolutionNode = FALSE
	EndGlobalSection
	GlobalSection(ExtensibilityGlobals) = postSolution
		SolutionGuid = {8DA027B0-7ACD-4713-A46E-65DFFC90C712}
	EndGlobalSection
EndGlobal
